
Microsoft Visual Studio Solution File, Format Version 12.00
# Visual Studio Version 16
VisualStudioVersion = 16.0.30503.244
MinimumVisualStudioVersion = 10.0.40219.1
Project("{9A19103F-16F7-4668-BE54-9A1E7A4F7556}") = "vHear", "vHear\vHear.csproj", "{A6309683-8DDC-4019-9F4B-E96144785441}"
EndProject
Global
	GlobalSection(SolutionConfigurationPlatforms) = preSolution
		Debug|Any CPU = Debug|Any CPU
		Release|Any CPU = Release|Any CPU
	EndGlobalSection
	GlobalSection(ProjectConfigurationPlatforms) = postSolution
		{A6309683-8DDC-4019-9F4B-E96144785441}.Debug|Any CPU.ActiveCfg = Debug|Any CPU
		{A6309683-8DDC-4019-9F4B-E96144785441}.Debug|Any CPU.Build.0 = Debug|Any CPU
		{A6309683-8DDC-4019-9F4B-E96144785441}.Release|Any CPU.ActiveCfg = Release|Any CPU
		{A6309683-8DDC-4019-9F4B-E96144785441}.Release|Any CPU.Build.0 = Release|Any CPU
	EndGlobalSection
	GlobalSection(SolutionProperties) = preSolution
		HideSolutionNode = FALSE
	EndGlobalSection
	GlobalSection(ExtensibilityGlobals) = postSolution
		SolutionGuid = {CC9609E3-CFDC-4FE3-B0D5-7138982C59F7}
	EndGlobalSection
EndGlobal
